
Microsoft Visual Studio Solution File, Format Version 12.00
# Visual Studio 2017
Project("{FAE04EC0-301F-11D3-BF4B-00C04F79EFBC}") = "vuf2", "vuf2.csproj", "{88E16F74-3197-BDCB-5D3D-7A6F12C22CBF}"
EndProject
Project("{FAE04EC0-301F-11D3-BF4B-00C04F79EFBC}") = "vuf2.Editor", "vuf2.Editor.csproj", "{EF548D09-4593-4F81-2CA9-2FBB0823BDD2}"
EndProject
Global
	GlobalSection(SolutionConfigurationPlatforms) = preSolution
		Debug|Any CPU = Debug|Any CPU
		Release|Any CPU = Release|Any CPU
	EndGlobalSection
	GlobalSection(ProjectConfigurationPlatforms) = postSolution
		{88E16F74-3197-BDCB-5D3D-7A6F12C22CBF}.Debug|Any CPU.ActiveCfg = Debug|Any CPU
		{88E16F74-3197-BDCB-5D3D-7A6F12C22CBF}.Debug|Any CPU.Build.0 = Debug|Any CPU
		{88E16F74-3197-BDCB-5D3D-7A6F12C22CBF}.Release|Any CPU.ActiveCfg = Release|Any CPU
		{88E16F74-3197-BDCB-5D3D-7A6F12C22CBF}.Release|Any CPU.Build.0 = Release|Any CPU
		{EF548D09-4593-4F81-2CA9-2FBB0823BDD2}.Debug|Any CPU.ActiveCfg = Debug|Any CPU
		{EF548D09-4593-4F81-2CA9-2FBB0823BDD2}.Debug|Any CPU.Build.0 = Debug|Any CPU
		{EF548D09-4593-4F81-2CA9-2FBB0823BDD2}.Release|Any CPU.ActiveCfg = Release|Any CPU
		{EF548D09-4593-4F81-2CA9-2FBB0823BDD2}.Release|Any CPU.Build.0 = Release|Any CPU
	EndGlobalSection
	GlobalSection(SolutionProperties) = preSolution
		HideSolutionNode = FALSE
	EndGlobalSection
EndGlobal
